
Microsoft Visual Studio Solution File, Format Version 12.00
# Visual Studio Version 16
VisualStudioVersion = 16.0.28803.156
MinimumVisualStudioVersion = 10.0.40219.1
Project("{FAE04EC0-301F-11D3-BF4B-00C04F79EFBC}") = "MyWarehouse", "MyWarehouse\MyWarehouse.csproj", "{0000D626-6293-478E-9BD0-B56A7F066C42}"
EndProject
Global
	GlobalSection(SolutionConfigurationPlatforms) = preSolution
		Debug|Any CPU = Debug|Any CPU
		Release|Any CPU = Release|Any CPU
	EndGlobalSection
	GlobalSection(ProjectConfigurationPlatforms) = postSolution
		{0000D626-6293-478E-9BD0-B56A7F066C42}.Debug|Any CPU.ActiveCfg = Debug|Any CPU
		{0000D626-6293-478E-9BD0-B56A7F066C42}.Debug|Any CPU.Build.0 = Debug|Any CPU
		{0000D626-6293-478E-9BD0-B56A7F066C42}.Release|Any CPU.ActiveCfg = Release|Any CPU
		{0000D626-6293-478E-9BD0-B56A7F066C42}.Release|Any CPU.Build.0 = Release|Any CPU
	EndGlobalSection
	GlobalSection(SolutionProperties) = preSolution
		HideSolutionNode = FALSE
	EndGlobalSection
	GlobalSection(ExtensibilityGlobals) = postSolution
		SolutionGuid = {AB15579E-7FDE-4A5C-8A55-28FCCA2BBF84}
	EndGlobalSection
EndGlobal
